
Microsoft Visual Studio Solution File, Format Version 12.00
# Visual Studio Version 17
VisualStudioVersion = 17.5.33530.505
MinimumVisualStudioVersion = 10.0.40219.1
Project("{FAE04EC0-301F-11D3-BF4B-00C04F79EFBC}") = "Expense Tracker", "Expense Tracker\Expense Tracker.csproj", "{C120E103-A3C8-4C62-8A58-F4FA4402D9AB}"
EndProject
Project("{2150E333-8FDC-42A3-9474-1A3956D46DE8}") = "Solution Items", "Solution Items", "{2227AC11-011E-446A-95C4-FAE844C28475}"
	ProjectSection(SolutionItems) = preProject
		.editorconfig = .editorconfig
	EndProjectSection
EndProject
Global
	GlobalSection(SolutionConfigurationPlatforms) = preSolution
		Debug|Any CPU = Debug|Any CPU
		Release|Any CPU = Release|Any CPU
	EndGlobalSection
	GlobalSection(ProjectConfigurationPlatforms) = postSolution
		{C120E103-A3C8-4C62-8A58-F4FA4402D9AB}.Debug|Any CPU.ActiveCfg = Debug|Any CPU
		{C120E103-A3C8-4C62-8A58-F4FA4402D9AB}.Debug|Any CPU.Build.0 = Debug|Any CPU
		{C120E103-A3C8-4C62-8A58-F4FA4402D9AB}.Release|Any CPU.ActiveCfg = Release|Any CPU
		{C120E103-A3C8-4C62-8A58-F4FA4402D9AB}.Release|Any CPU.Build.0 = Release|Any CPU
	EndGlobalSection
	GlobalSection(SolutionProperties) = preSolution
		HideSolutionNode = FALSE
	EndGlobalSection
	GlobalSection(ExtensibilityGlobals) = postSolution
		SolutionGuid = {30897D30-30FF-4BF3-A8B7-A9C86CF2D62B}
	EndGlobalSection
EndGlobal
